
Microsoft Visual Studio Solution File, Format Version 12.00
# Visual Studio 15
VisualStudioVersion = 15.0.28307.136
MinimumVisualStudioVersion = 10.0.40219.1
Project("{FAE04EC0-301F-11D3-BF4B-00C04F79EFBC}") = "01 EvenNumbersThread", "EvenNumbersThread\01 EvenNumbersThread.csproj", "{DDB002DE-91B1-468F-B6D0-844D705B2058}"
EndProject
Project("{FAE04EC0-301F-11D3-BF4B-00C04F79EFBC}") = "02SliceFile", "02SliceFile\02SliceFile.csproj", "{016DFB90-14ED-4DEA-80FA-A06BB0A50361}"
EndProject
Project("{FAE04EC0-301F-11D3-BF4B-00C04F79EFBC}") = "03SimpleWebServer", "03SimpleWebServer\03SimpleWebServer.csproj", "{531E1503-E3CD-4925-8411-996B9BFE2CC9}"
EndProject
Global
	GlobalSection(SolutionConfigurationPlatforms) = preSolution
		Debug|Any CPU = Debug|Any CPU
		Release|Any CPU = Release|Any CPU
	EndGlobalSection
	GlobalSection(ProjectConfigurationPlatforms) = postSolution
		{DDB002DE-91B1-468F-B6D0-844D705B2058}.Debug|Any CPU.ActiveCfg = Debug|Any CPU
		{DDB002DE-91B1-468F-B6D0-844D705B2058}.Debug|Any CPU.Build.0 = Debug|Any CPU
		{DDB002DE-91B1-468F-B6D0-844D705B2058}.Release|Any CPU.ActiveCfg = Release|Any CPU
		{DDB002DE-91B1-468F-B6D0-844D705B2058}.Release|Any CPU.Build.0 = Release|Any CPU
		{016DFB90-14ED-4DEA-80FA-A06BB0A50361}.Debug|Any CPU.ActiveCfg = Debug|Any CPU
		{016DFB90-14ED-4DEA-80FA-A06BB0A50361}.Debug|Any CPU.Build.0 = Debug|Any CPU
		{016DFB90-14ED-4DEA-80FA-A06BB0A50361}.Release|Any CPU.ActiveCfg = Release|Any CPU
		{016DFB90-14ED-4DEA-80FA-A06BB0A50361}.Release|Any CPU.Build.0 = Release|Any CPU
		{531E1503-E3CD-4925-8411-996B9BFE2CC9}.Debug|Any CPU.ActiveCfg = Debug|Any CPU
		{531E1503-E3CD-4925-8411-996B9BFE2CC9}.Debug|Any CPU.Build.0 = Debug|Any CPU
		{531E1503-E3CD-4925-8411-996B9BFE2CC9}.Release|Any CPU.ActiveCfg = Release|Any CPU
		{531E1503-E3CD-4925-8411-996B9BFE2CC9}.Release|Any CPU.Build.0 = Release|Any CPU
	EndGlobalSection
	GlobalSection(SolutionProperties) = preSolution
		HideSolutionNode = FALSE
	EndGlobalSection
	GlobalSection(ExtensibilityGlobals) = postSolution
		SolutionGuid = {68535D40-F532-429D-8D63-B6B5CDFAEFCD}
	EndGlobalSection
EndGlobal
