
Microsoft Visual Studio Solution File, Format Version 12.00
# Visual Studio 15
VisualStudioVersion = 15.0.28307.136
MinimumVisualStudioVersion = 10.0.40219.1
Project("{9A19103F-16F7-4668-BE54-9A1E7A4F7556}") = "SIS.HTTP", "SIS.HTTP\SIS.HTTP.csproj", "{745FF574-CD1A-4631-BAF0-642A86DB5326}"
EndProject
Project("{9A19103F-16F7-4668-BE54-9A1E7A4F7556}") = "SIS.WebServer", "SIS.WebServer\SIS.WebServer.csproj", "{13AFACBC-4658-4FD0-92CA-0407C048DA38}"
EndProject
Project("{9A19103F-16F7-4668-BE54-9A1E7A4F7556}") = "IRunesWebApp", "IRunesWebApp\IRunesWebApp.csproj", "{0B2CAC4C-9DF3-44C2-83F7-27E689542B67}"
EndProject
Project("{FAE04EC0-301F-11D3-BF4B-00C04F79EFBC}") = "SIS.MvcFramework", "SIS.MvcFramework\SIS.MvcFramework.csproj", "{BFA8D182-CEEA-46A7-A3B2-B365E0901191}"
EndProject
Global
	GlobalSection(SolutionConfigurationPlatforms) = preSolution
		Debug|Any CPU = Debug|Any CPU
		Release|Any CPU = Release|Any CPU
	EndGlobalSection
	GlobalSection(ProjectConfigurationPlatforms) = postSolution
		{745FF574-CD1A-4631-BAF0-642A86DB5326}.Debug|Any CPU.ActiveCfg = Debug|Any CPU
		{745FF574-CD1A-4631-BAF0-642A86DB5326}.Debug|Any CPU.Build.0 = Debug|Any CPU
		{745FF574-CD1A-4631-BAF0-642A86DB5326}.Release|Any CPU.ActiveCfg = Release|Any CPU
		{745FF574-CD1A-4631-BAF0-642A86DB5326}.Release|Any CPU.Build.0 = Release|Any CPU
		{13AFACBC-4658-4FD0-92CA-0407C048DA38}.Debug|Any CPU.ActiveCfg = Debug|Any CPU
		{13AFACBC-4658-4FD0-92CA-0407C048DA38}.Debug|Any CPU.Build.0 = Debug|Any CPU
		{13AFACBC-4658-4FD0-92CA-0407C048DA38}.Release|Any CPU.ActiveCfg = Release|Any CPU
		{13AFACBC-4658-4FD0-92CA-0407C048DA38}.Release|Any CPU.Build.0 = Release|Any CPU
		{0B2CAC4C-9DF3-44C2-83F7-27E689542B67}.Debug|Any CPU.ActiveCfg = Debug|Any CPU
		{0B2CAC4C-9DF3-44C2-83F7-27E689542B67}.Debug|Any CPU.Build.0 = Debug|Any CPU
		{0B2CAC4C-9DF3-44C2-83F7-27E689542B67}.Release|Any CPU.ActiveCfg = Release|Any CPU
		{0B2CAC4C-9DF3-44C2-83F7-27E689542B67}.Release|Any CPU.Build.0 = Release|Any CPU
		{BFA8D182-CEEA-46A7-A3B2-B365E0901191}.Debug|Any CPU.ActiveCfg = Debug|Any CPU
		{BFA8D182-CEEA-46A7-A3B2-B365E0901191}.Debug|Any CPU.Build.0 = Debug|Any CPU
		{BFA8D182-CEEA-46A7-A3B2-B365E0901191}.Release|Any CPU.ActiveCfg = Release|Any CPU
		{BFA8D182-CEEA-46A7-A3B2-B365E0901191}.Release|Any CPU.Build.0 = Release|Any CPU
	EndGlobalSection
	GlobalSection(SolutionProperties) = preSolution
		HideSolutionNode = FALSE
	EndGlobalSection
	GlobalSection(ExtensibilityGlobals) = postSolution
		SolutionGuid = {1F699780-0AAC-412B-B1F6-83CC9ABAC617}
	EndGlobalSection
EndGlobal
