
Microsoft Visual Studio Solution File, Format Version 12.00
# Visual Studio 15
VisualStudioVersion = 15.0.28307.136
MinimumVisualStudioVersion = 10.0.40219.1
Project("{FAE04EC0-301F-11D3-BF4B-00C04F79EFBC}") = "P03_SalesDatabase", "P03_SalesDatabase\P03_SalesDatabase.csproj", "{0B15FF25-17E9-41FB-A1C3-1AA2F5101950}"
EndProject
Project("{FAE04EC0-301F-11D3-BF4B-00C04F79EFBC}") = "P03_SalesDatabase.Data", "P03_SalesDatabase.Data\P03_SalesDatabase.Data.csproj", "{9163A905-A690-4566-9AF6-954A2B769CEE}"
EndProject
Project("{FAE04EC0-301F-11D3-BF4B-00C04F79EFBC}") = "P03_SalesDatabase.Data.Models", "P03_SalesDatabase.Data.Models\P03_SalesDatabase.Data.Models.csproj", "{5FB1D88A-CE62-4D63-B8E3-8D781EE3416F}"
EndProject
Global
	GlobalSection(SolutionConfigurationPlatforms) = preSolution
		Debug|Any CPU = Debug|Any CPU
		Release|Any CPU = Release|Any CPU
	EndGlobalSection
	GlobalSection(ProjectConfigurationPlatforms) = postSolution
		{0B15FF25-17E9-41FB-A1C3-1AA2F5101950}.Debug|Any CPU.ActiveCfg = Debug|Any CPU
		{0B15FF25-17E9-41FB-A1C3-1AA2F5101950}.Debug|Any CPU.Build.0 = Debug|Any CPU
		{0B15FF25-17E9-41FB-A1C3-1AA2F5101950}.Release|Any CPU.ActiveCfg = Release|Any CPU
		{0B15FF25-17E9-41FB-A1C3-1AA2F5101950}.Release|Any CPU.Build.0 = Release|Any CPU
		{9163A905-A690-4566-9AF6-954A2B769CEE}.Debug|Any CPU.ActiveCfg = Debug|Any CPU
		{9163A905-A690-4566-9AF6-954A2B769CEE}.Debug|Any CPU.Build.0 = Debug|Any CPU
		{9163A905-A690-4566-9AF6-954A2B769CEE}.Release|Any CPU.ActiveCfg = Release|Any CPU
		{9163A905-A690-4566-9AF6-954A2B769CEE}.Release|Any CPU.Build.0 = Release|Any CPU
		{5FB1D88A-CE62-4D63-B8E3-8D781EE3416F}.Debug|Any CPU.ActiveCfg = Debug|Any CPU
		{5FB1D88A-CE62-4D63-B8E3-8D781EE3416F}.Debug|Any CPU.Build.0 = Debug|Any CPU
		{5FB1D88A-CE62-4D63-B8E3-8D781EE3416F}.Release|Any CPU.ActiveCfg = Release|Any CPU
		{5FB1D88A-CE62-4D63-B8E3-8D781EE3416F}.Release|Any CPU.Build.0 = Release|Any CPU
	EndGlobalSection
	GlobalSection(SolutionProperties) = preSolution
		HideSolutionNode = FALSE
	EndGlobalSection
	GlobalSection(ExtensibilityGlobals) = postSolution
		SolutionGuid = {1A5B18C9-019F-4EDE-8708-3C2832536F4A}
	EndGlobalSection
EndGlobal
