
Microsoft Visual Studio Solution File, Format Version 12.00
# Visual Studio 15
VisualStudioVersion = 15.0.28307.136
MinimumVisualStudioVersion = 10.0.40219.1
Project("{9A19103F-16F7-4668-BE54-9A1E7A4F7556}") = "02ExtendedDatabase", "02ExtendedDatabase\02ExtendedDatabase.csproj", "{18CD6655-E687-42D3-9D89-E3F58EF17B1E}"
EndProject
Project("{FAE04EC0-301F-11D3-BF4B-00C04F79EFBC}") = "ExtendedDatabaseTests", "ExtendedDatabaseTests\ExtendedDatabaseTests.csproj", "{4ACD3119-664F-462D-BAF2-48743278F420}"
EndProject
Global
	GlobalSection(SolutionConfigurationPlatforms) = preSolution
		Debug|Any CPU = Debug|Any CPU
		Release|Any CPU = Release|Any CPU
	EndGlobalSection
	GlobalSection(ProjectConfigurationPlatforms) = postSolution
		{18CD6655-E687-42D3-9D89-E3F58EF17B1E}.Debug|Any CPU.ActiveCfg = Debug|Any CPU
		{18CD6655-E687-42D3-9D89-E3F58EF17B1E}.Debug|Any CPU.Build.0 = Debug|Any CPU
		{18CD6655-E687-42D3-9D89-E3F58EF17B1E}.Release|Any CPU.ActiveCfg = Release|Any CPU
		{18CD6655-E687-42D3-9D89-E3F58EF17B1E}.Release|Any CPU.Build.0 = Release|Any CPU
		{4ACD3119-664F-462D-BAF2-48743278F420}.Debug|Any CPU.ActiveCfg = Debug|Any CPU
		{4ACD3119-664F-462D-BAF2-48743278F420}.Debug|Any CPU.Build.0 = Debug|Any CPU
		{4ACD3119-664F-462D-BAF2-48743278F420}.Release|Any CPU.ActiveCfg = Release|Any CPU
		{4ACD3119-664F-462D-BAF2-48743278F420}.Release|Any CPU.Build.0 = Release|Any CPU
	EndGlobalSection
	GlobalSection(SolutionProperties) = preSolution
		HideSolutionNode = FALSE
	EndGlobalSection
	GlobalSection(ExtensibilityGlobals) = postSolution
		SolutionGuid = {09F634CF-0E31-48E3-B8AC-3486D1470089}
	EndGlobalSection
EndGlobal
